// !$*UTF8*$!
{
	archiveVersion = 1;
	classes = {
	};
	objectVersion = 46;
	objects = {

/* Begin PBXBuildFile section */
		00BDA40A1CC77F77005EAB32 /* AppDelegate.swift in Sources */ = {isa = PBXBuildFile; fileRef = 00BDA4091CC77F77005EAB32 /* AppDelegate.swift */; };
		00BDA40C1CC77F77005EAB32 /* ViewController.swift in Sources */ = {isa = PBXBuildFile; fileRef = 00BDA40B1CC77F77005EAB32 /* ViewController.swift */; };
		00BDA40F1CC77F77005EAB32 /* Main.storyboard in Resources */ = {isa = PBXBuildFile; fileRef = 00BDA40D1CC77F77005EAB32 /* Main.storyboard */; };
		00BDA4111CC77F77005EAB32 /* Assets.xcassets in Resources */ = {isa = PBXBuildFile; fileRef = 00BDA4101CC77F77005EAB32 /* Assets.xcassets */; };
		00BDA4141CC77F77005EAB32 /* LaunchScreen.storyboard in Resources */ = {isa = PBXBuildFile; fileRef = 00BDA4121CC77F77005EAB32 /* LaunchScreen.storyboard */; };
		00BDA41E1CC7809D005EAB32 /* RESpinner.swift in Sources */ = {isa = PBXBuildFile; fileRef = 00BDA41D1CC7809D005EAB32 /* RESpinner.swift */; };
		00BDA4201CC7814B005EAB32 /* RESpinnerExtensions.swift in Sources */ = {isa = PBXBuildFile; fileRef = 00BDA41F1CC7814B005EAB32 /* RESpinnerExtensions.swift */; };
		00BDA4241CC784F8005EAB32 /* RESpinner.xcassets in Resources */ = {isa = PBXBuildFile; fileRef = 00BDA4231CC784F8005EAB32 /* RESpinner.xcassets */; };
/* End PBXBuildFile section */

/* Begin PBXFileReference section */
		00BDA4061CC77F77005EAB32 /* RESpinner.app */ = {isa = PBXFileReference; explicitFileType = wrapper.application; includeInIndex = 0; path = RESpinner.app; sourceTree = BUILT_PRODUCTS_DIR; };
		00BDA4091CC77F77005EAB32 /* AppDelegate.swift */ = {isa = PBXFileReference; lastKnownFileType = sourcecode.swift; path = AppDelegate.swift; sourceTree = "<group>"; };
		00BDA40B1CC77F77005EAB32 /* ViewController.swift */ = {isa = PBXFileReference; lastKnownFileType = sourcecode.swift; path = ViewController.swift; sourceTree = "<group>"; };
		00BDA40E1CC77F77005EAB32 /* Base */ = {isa = PBXFileReference; lastKnownFileType = file.storyboard; name = Base; path = Base.lproj/Main.storyboard; sourceTree = "<group>"; };
		00BDA4101CC77F77005EAB32 /* Assets.xcassets */ = {isa = PBXFileReference; lastKnownFileType = folder.assetcatalog; path = Assets.xcassets; sourceTree = "<group>"; };
		00BDA4131CC77F77005EAB32 /* Base */ = {isa = PBXFileReference; lastKnownFileType = file.storyboard; name = Base; path = Base.lproj/LaunchScreen.storyboard; sourceTree = "<group>"; };
		00BDA4151CC77F77005EAB32 /* Info.plist */ = {isa = PBXFileReference; lastKnownFileType = text.plist.xml; path = Info.plist; sourceTree = "<group>"; };
		00BDA41D1CC7809D005EAB32 /* RESpinner.swift */ = {isa = PBXFileReference; fileEncoding = 4; lastKnownFileType = sourcecode.swift; path = RESpinner.swift; sourceTree = "<group>"; };
		00BDA41F1CC7814B005EAB32 /* RESpinnerExtensions.swift */ = {isa = PBXFileReference; fileEncoding = 4; lastKnownFileType = sourcecode.swift; path = RESpinnerExtensions.swift; sourceTree = "<group>"; };
		00BDA4231CC784F8005EAB32 /* RESpinner.xcassets */ = {isa = PBXFileReference; lastKnownFileType = folder.assetcatalog; path = RESpinner.xcassets; sourceTree = "<group>"; };
/* End PBXFileReference section */

/* Begin PBXFrameworksBuildPhase section */
		00BDA4031CC77F77005EAB32 /* Frameworks */ = {
			isa = PBXFrameworksBuildPhase;
			buildActionMask = 2147483647;
			files = (
			);
			runOnlyForDeploymentPostprocessing = 0;
		};
/* End PBXFrameworksBuildPhase section */

/* Begin PBXGroup section */
		00BDA3FD1CC77F77005EAB32 = {
			isa = PBXGroup;
			children = (
				00BDA4081CC77F77005EAB32 /* RESpinner */,
				00BDA4071CC77F77005EAB32 /* Products */,
			);
			sourceTree = "<group>";
		};
		00BDA4071CC77F77005EAB32 /* Products */ = {
			isa = PBXGroup;
			children = (
				00BDA4061CC77F77005EAB32 /* RESpinner.app */,
			);
			name = Products;
			sourceTree = "<group>";
		};
		00BDA4081CC77F77005EAB32 /* RESpinner */ = {
			isa = PBXGroup;
			children = (
				00BDA41C1CC78014005EAB32 /* RESpinnerView */,
				00BDA4091CC77F77005EAB32 /* AppDelegate.swift */,
				00BDA40B1CC77F77005EAB32 /* ViewController.swift */,
				00BDA40D1CC77F77005EAB32 /* Main.storyboard */,
				00BDA4101CC77F77005EAB32 /* Assets.xcassets */,
				00BDA4121CC77F77005EAB32 /* LaunchScreen.storyboard */,
				00BDA4151CC77F77005EAB32 /* Info.plist */,
			);
			path = RESpinner;
			sourceTree = "<group>";
		};
		00BDA41C1CC78014005EAB32 /* RESpinnerView */ = {
			isa = PBXGroup;
			children = (
				00BDA41D1CC7809D005EAB32 /* RESpinner.swift */,
				00BDA41F1CC7814B005EAB32 /* RESpinnerExtensions.swift */,
				00BDA4231CC784F8005EAB32 /* RESpinner.xcassets */,
			);
			path = RESpinnerView;
			sourceTree = "<group>";
		};
/* End PBXGroup section */

/* Begin PBXNativeTarget section */
		00BDA4051CC77F77005EAB32 /* RESpinner */ = {
			isa = PBXNativeTarget;
			buildConfigurationList = 00BDA4181CC77F77005EAB32 /* Build configuration list for PBXNativeTarget "RESpinner" */;
			buildPhases = (
				00BDA4021CC77F77005EAB32 /* Sources */,
				00BDA4031CC77F77005EAB32 /* Frameworks */,
				00BDA4041CC77F77005EAB32 /* Resources */,
			);
			buildRules = (
			);
			dependencies = (
			);
			name = RESpinner;
			productName = RESpinner;
			productReference = 00BDA4061CC77F77005EAB32 /* RESpinner.app */;
			productType = "com.apple.product-type.application";
		};
/* End PBXNativeTarget section */

/* Begin PBXProject section */
		00BDA3FE1CC77F77005EAB32 /* Project object */ = {
			isa = PBXProject;
			attributes = {
				LastSwiftUpdateCheck = 0720;
				LastUpgradeCheck = 0720;
				ORGANIZATIONNAME = Requiss;
				TargetAttributes = {
					00BDA4051CC77F77005EAB32 = {
						CreatedOnToolsVersion = 7.2.1;
					};
				};
			};
			buildConfigurationList = 00BDA4011CC77F77005EAB32 /* Build configuration list for PBXProject "RESpinner" */;
			compatibilityVersion = "Xcode 3.2";
			developmentRegion = English;
			hasScannedForEncodings = 0;
			knownRegions = (
				en,
				Base,
			);
			mainGroup = 00BDA3FD1CC77F77005EAB32;
			productRefGroup = 00BDA4071CC77F77005EAB32 /* Products */;
			projectDirPath = "";
			projectRoot = "";
			targets = (
				00BDA4051CC77F77005EAB32 /* RESpinner */,
			);
		};
/* End PBXProject section */

/* Begin PBXResourcesBuildPhase section */
		00BDA4041CC77F77005EAB32 /* Resources */ = {
			isa = PBXResourcesBuildPhase;
			buildActionMask = 2147483647;
			files = (
				00BDA4241CC784F8005EAB32 /* RESpinner.xcassets in Resources */,
				00BDA4141CC77F77005EAB32 /* LaunchScreen.storyboard in Resources */,
				00BDA4111CC77F77005EAB32 /* Assets.xcassets in Resources */,
				00BDA40F1CC77F77005EAB32 /* Main.storyboard in Resources */,
			);
			runOnlyForDeploymentPostprocessing = 0;
		};
/* End PBXResourcesBuildPhase section */

/* Begin PBXSourcesBuildPhase section */
		00BDA4021CC77F77005EAB32 /* Sources */ = {
			isa = PBXSourcesBuildPhase;
			buildActionMask = 2147483647;
			files = (
				00BDA40C1CC77F77005EAB32 /* ViewController.swift in Sources */,
				00BDA40A1CC77F77005EAB32 /* AppDelegate.swift in Sources */,
				00BDA4201CC7814B005EAB32 /* RESpinnerExtensions.swift in Sources */,
				00BDA41E1CC7809D005EAB32 /* RESpinner.swift in Sources */,
			);
			runOnlyForDeploymentPostprocessing = 0;
		};
/* End PBXSourcesBuildPhase section */

/* Begin PBXVariantGroup section */
		00BDA40D1CC77F77005EAB32 /* Main.storyboard */ = {
			isa = PBXVariantGroup;
			children = (
				00BDA40E1CC77F77005EAB32 /* Base */,
			);
			name = Main.storyboard;
			sourceTree = "<group>";
		};
		00BDA4121CC77F77005EAB32 /* LaunchScreen.storyboard */ = {
			isa = PBXVariantGroup;
			children = (
				00BDA4131CC77F77005EAB32 /* Base */,
			);
			name = LaunchScreen.storyboard;
			sourceTree = "<group>";
		};
/* End PBXVariantGroup section */

/* Begin XCBuildConfiguration section */
		00BDA4161CC77F77005EAB32 /* Debug */ = {
			isa = XCBuildConfiguration;
			buildSettings = {
				ALWAYS_SEARCH_USER_PATHS = NO;
				CLANG_CXX_LANGUAGE_STANDARD = "gnu++0x";
				CLANG_CXX_LIBRARY = "libc++";
				CLANG_ENABLE_MODULES = YES;
				CLANG_ENABLE_OBJC_ARC = YES;
				CLANG_WARN_BOOL_CONVERSION = YES;
				CLANG_WARN_CONSTANT_CONVERSION = YES;
				CLANG_WARN_DIRECT_OBJC_ISA_USAGE = YES_ERROR;
				CLANG_WARN_EMPTY_BODY = YES;
				CLANG_WARN_ENUM_CONVERSION = YES;
				CLANG_WARN_INT_CONVERSION = YES;
				CLANG_WARN_OBJC_ROOT_CLASS = YES_ERROR;
				CLANG_WARN_UNREACHABLE_CODE = YES;
				CLANG_WARN__DUPLICATE_METHOD_MATCH = YES;
				"CODE_SIGN_IDENTITY[sdk=iphoneos*]" = "iPhone Developer";
				COPY_PHASE_STRIP = NO;
				DEBUG_INFORMATION_FORMAT = dwarf;
				ENABLE_STRICT_OBJC_MSGSEND = YES;
				ENABLE_TESTABILITY = YES;
				GCC_C_LANGUAGE_STANDARD = gnu99;
				GCC_DYNAMIC_NO_PIC = NO;
				GCC_NO_COMMON_BLOCKS = YES;
				GCC_OPTIMIZATION_LEVEL = 0;
				GCC_PREPROCESSOR_DEFINITIONS = (
					"DEBUG=1",
					"$(inherited)",
				);
				GCC_WARN_64_TO_32_BIT_CONVERSION = YES;
				GCC_WARN_ABOUT_RETURN_TYPE = YES_ERROR;
				GCC_WARN_UNDECLARED_SELECTOR = YES;
				GCC_WARN_UNINITIALIZED_AUTOS = YES_AGGRESSIVE;
				GCC_WARN_UNUSED_FUNCTION = YES;
				GCC_WARN_UNUSED_VARIABLE = YES;
				IPHONEOS_DEPLOYMENT_TARGET = 8.0;
				MTL_ENABLE_DEBUG_INFO = YES;
				ONLY_ACTIVE_ARCH = YES;
				SDKROOT = iphoneos;
				SWIFT_OPTIMIZATION_LEVEL = "-Onone";
				TARGETED_DEVICE_FAMILY = "1,2";
			};
			name = Debug;
		};
		00BDA4171CC77F77005EAB32 /* Release */ = {
			isa = XCBuildConfiguration;
			buildSettings = {
				ALWAYS_SEARCH_USER_PATHS = NO;
				CLANG_CXX_LANGUAGE_STANDARD = "gnu++0x";
				CLANG_CXX_LIBRARY = "libc++";
				CLANG_ENABLE_MODULES = YES;
				CLANG_ENABLE_OBJC_ARC = YES;
				CLANG_WARN_BOOL_CONVERSION = YES;
				CLANG_WARN_CONSTANT_CONVERSION = YES;
				CLANG_WARN_DIRECT_OBJC_ISA_USAGE = YES_ERROR;
				CLANG_WARN_EMPTY_BODY = YES;
				CLANG_WARN_ENUM_CONVERSION = YES;
				CLANG_WARN_INT_CONVERSION = YES;
				CLANG_WARN_OBJC_ROOT_CLASS = YES_ERROR;
				CLANG_WARN_UNREACHABLE_CODE = YES;
				CLANG_WARN__DUPLICATE_METHOD_MATCH = YES;
				"CODE_SIGN_IDENTITY[sdk=iphoneos*]" = "iPhone Developer";
				COPY_PHASE_STRIP = NO;
				DEBUG_INFORMATION_FORMAT = "dwarf-with-dsym";
				ENABLE_NS_ASSERTIONS = NO;
				ENABLE_STRICT_OBJC_MSGSEND = YES;
				GCC_C_LANGUAGE_STANDARD = gnu99;
				GCC_NO_COMMON_BLOCKS = YES;
				GCC_WARN_64_TO_32_BIT_CONVERSION = YES;
				GCC_WARN_ABOUT_RETURN_TYPE = YES_ERROR;
				GCC_WARN_UNDECLARED_SELECTOR = YES;
				GCC_WARN_UNINITIALIZED_AUTOS = YES_AGGRESSIVE;
				GCC_WARN_UNUSED_FUNCTION = YES;
				GCC_WARN_UNUSED_VARIABLE = YES;
				IPHONEOS_DEPLOYMENT_TARGET = 8.0;
				MTL_ENABLE_DEBUG_INFO = NO;
				SDKROOT = iphoneos;
				TARGETED_DEVICE_FAMILY = "1,2";
				VALIDATE_PRODUCT = YES;
			};
			name = Release;
		};
		00BDA4191CC77F77005EAB32 /* Debug */ = {
			isa = XCBuildConfiguration;
			buildSettings = {
				ASSETCATALOG_COMPILER_APPICON_NAME = AppIcon;
				INFOPLIST_FILE = RESpinner/Info.plist;
				LD_RUNPATH_SEARCH_PATHS = "$(inherited) @executable_path/Frameworks";
				PRODUCT_BUNDLE_IDENTIFIER = com.dd.RESpinner;
				PRODUCT_NAME = "$(TARGET_NAME)";
			};
			name = Debug;
		};
		00BDA41A1CC77F77005EAB32 /* Release */ = {
			isa = XCBuildConfiguration;
			buildSettings = {
				ASSETCATALOG_COMPILER_APPICON_NAME = AppIcon;
				INFOPLIST_FILE = RESpinner/Info.plist;
				LD_RUNPATH_SEARCH_PATHS = "$(inherited) @executable_path/Frameworks";
				PRODUCT_BUNDLE_IDENTIFIER = com.dd.RESpinner;
				PRODUCT_NAME = "$(TARGET_NAME)";
			};
			name = Release;
		};
/* End XCBuildConfiguration section */

/* Begin XCConfigurationList section */
		00BDA4011CC77F77005EAB32 /* Build configuration list for PBXProject "RESpinner" */ = {
			isa = XCConfigurationList;
			buildConfigurations = (
				00BDA4161CC77F77005EAB32 /* Debug */,
				00BDA4171CC77F77005EAB32 /* Release */,
			);
			defaultConfigurationIsVisible = 0;
			defaultConfigurationName = Release;
		};
		00BDA4181CC77F77005EAB32 /* Build configuration list for PBXNativeTarget "RESpinner" */ = {
			isa = XCConfigurationList;
			buildConfigurations = (
				00BDA4191CC77F77005EAB32 /* Debug */,
				00BDA41A1CC77F77005EAB32 /* Release */,
			);
			defaultConfigurationIsVisible = 0;
		};
/* End XCConfigurationList section */
	};
	rootObject = 00BDA3FE1CC77F77005EAB32 /* Project object */;
}
